
Microsoft Visual Studio Solution File, Format Version 12.00
# Visual Studio 2012
Project("{FAE04EC0-301F-11D3-BF4B-00C04F79EFBC}") = "ACBr.Net.Core", "ACBr.Net.Core\ACBr.Net.Core.csproj", "{3320CA18-154B-43AB-8901-7CC1A311198B}"
EndProject
Project("{FAE04EC0-301F-11D3-BF4B-00C04F79EFBC}") = "ACBr.Net.ECF", "ACBr.Net.ECF\ACBr.Net.ECF.csproj", "{F5048CBA-F872-4CA3-A961-245F6D985E93}"
EndProject
Project("{FAE04EC0-301F-11D3-BF4B-00C04F79EFBC}") = "ACBr.Net.NFe", "ACBr.Net.NFe\ACBr.Net.NFe.csproj", "{65DD75A3-7AF9-431E-A4D6-8F7FC0E9820C}"
EndProject
Global
	GlobalSection(SolutionConfigurationPlatforms) = preSolution
		COM Interop|Any CPU = COM Interop|Any CPU
		Debug|Any CPU = Debug|Any CPU
		Release|Any CPU = Release|Any CPU
	EndGlobalSection
	GlobalSection(ProjectConfigurationPlatforms) = postSolution
		{3320CA18-154B-43AB-8901-7CC1A311198B}.COM Interop|Any CPU.ActiveCfg = COM Interop|Any CPU
		{3320CA18-154B-43AB-8901-7CC1A311198B}.COM Interop|Any CPU.Build.0 = COM Interop|Any CPU
		{3320CA18-154B-43AB-8901-7CC1A311198B}.Debug|Any CPU.ActiveCfg = Debug|Any CPU
		{3320CA18-154B-43AB-8901-7CC1A311198B}.Debug|Any CPU.Build.0 = Debug|Any CPU
		{3320CA18-154B-43AB-8901-7CC1A311198B}.Release|Any CPU.ActiveCfg = Release|Any CPU
		{3320CA18-154B-43AB-8901-7CC1A311198B}.Release|Any CPU.Build.0 = Release|Any CPU
		{F5048CBA-F872-4CA3-A961-245F6D985E93}.COM Interop|Any CPU.ActiveCfg = COM Interop|Any CPU
		{F5048CBA-F872-4CA3-A961-245F6D985E93}.COM Interop|Any CPU.Build.0 = COM Interop|Any CPU
		{F5048CBA-F872-4CA3-A961-245F6D985E93}.Debug|Any CPU.ActiveCfg = Debug|Any CPU
		{F5048CBA-F872-4CA3-A961-245F6D985E93}.Debug|Any CPU.Build.0 = Debug|Any CPU
		{F5048CBA-F872-4CA3-A961-245F6D985E93}.Release|Any CPU.ActiveCfg = Release|Any CPU
		{F5048CBA-F872-4CA3-A961-245F6D985E93}.Release|Any CPU.Build.0 = Release|Any CPU
		{65DD75A3-7AF9-431E-A4D6-8F7FC0E9820C}.COM Interop|Any CPU.ActiveCfg = COM Interop|Any CPU
		{65DD75A3-7AF9-431E-A4D6-8F7FC0E9820C}.COM Interop|Any CPU.Build.0 = COM Interop|Any CPU
		{65DD75A3-7AF9-431E-A4D6-8F7FC0E9820C}.Debug|Any CPU.ActiveCfg = Debug|Any CPU
		{65DD75A3-7AF9-431E-A4D6-8F7FC0E9820C}.Debug|Any CPU.Build.0 = Debug|Any CPU
		{65DD75A3-7AF9-431E-A4D6-8F7FC0E9820C}.Release|Any CPU.ActiveCfg = Release|Any CPU
		{65DD75A3-7AF9-431E-A4D6-8F7FC0E9820C}.Release|Any CPU.Build.0 = Release|Any CPU
	EndGlobalSection
	GlobalSection(SolutionProperties) = preSolution
		HideSolutionNode = FALSE
	EndGlobalSection
EndGlobal
